
Microsoft Visual Studio Solution File, Format Version 12.00
# Visual Studio Version 17
VisualStudioVersion = 17.8.34309.116
MinimumVisualStudioVersion = 10.0.40219.1
Project("{FAE04EC0-301F-11D3-BF4B-00C04F79EFBC}") = "RabbitClient", "RabbitClient\RabbitClient.csproj", "{3843F699-6DCA-4670-B204-1437E064F83C}"
EndProject
Project("{FAE04EC0-301F-11D3-BF4B-00C04F79EFBC}") = "Models", "Models\Models.csproj", "{AFB9F821-BCB0-4EFD-813B-A9687BDFEEF2}"
EndProject
Project("{FAE04EC0-301F-11D3-BF4B-00C04F79EFBC}") = "RabbitServer", "RabbitServer\RabbitServer.csproj", "{2DBB89C7-B7D6-4FFE-AE78-E9BDFE3B12D8}"
EndProject
Global
	GlobalSection(SolutionConfigurationPlatforms) = preSolution
		Debug|Any CPU = Debug|Any CPU
		Release|Any CPU = Release|Any CPU
	EndGlobalSection
	GlobalSection(ProjectConfigurationPlatforms) = postSolution
		{3843F699-6DCA-4670-B204-1437E064F83C}.Debug|Any CPU.ActiveCfg = Debug|Any CPU
		{3843F699-6DCA-4670-B204-1437E064F83C}.Debug|Any CPU.Build.0 = Debug|Any CPU
		{3843F699-6DCA-4670-B204-1437E064F83C}.Release|Any CPU.ActiveCfg = Release|Any CPU
		{3843F699-6DCA-4670-B204-1437E064F83C}.Release|Any CPU.Build.0 = Release|Any CPU
		{AFB9F821-BCB0-4EFD-813B-A9687BDFEEF2}.Debug|Any CPU.ActiveCfg = Debug|Any CPU
		{AFB9F821-BCB0-4EFD-813B-A9687BDFEEF2}.Debug|Any CPU.Build.0 = Debug|Any CPU
		{AFB9F821-BCB0-4EFD-813B-A9687BDFEEF2}.Release|Any CPU.ActiveCfg = Release|Any CPU
		{AFB9F821-BCB0-4EFD-813B-A9687BDFEEF2}.Release|Any CPU.Build.0 = Release|Any CPU
		{2DBB89C7-B7D6-4FFE-AE78-E9BDFE3B12D8}.Debug|Any CPU.ActiveCfg = Debug|Any CPU
		{2DBB89C7-B7D6-4FFE-AE78-E9BDFE3B12D8}.Debug|Any CPU.Build.0 = Debug|Any CPU
		{2DBB89C7-B7D6-4FFE-AE78-E9BDFE3B12D8}.Release|Any CPU.ActiveCfg = Release|Any CPU
		{2DBB89C7-B7D6-4FFE-AE78-E9BDFE3B12D8}.Release|Any CPU.Build.0 = Release|Any CPU
	EndGlobalSection
	GlobalSection(SolutionProperties) = preSolution
		HideSolutionNode = FALSE
	EndGlobalSection
	GlobalSection(ExtensibilityGlobals) = postSolution
		SolutionGuid = {46DA1EFB-879D-406F-A943-F38C4A51DC3F}
	EndGlobalSection
EndGlobal
